
Microsoft Visual Studio Solution File, Format Version 12.00
# Visual Studio Version 16
VisualStudioVersion = 16.0.30907.101
MinimumVisualStudioVersion = 10.0.40219.1
Project("{FAE04EC0-301F-11D3-BF4B-00C04F79EFBC}") = "T1", "T1\T1.csproj", "{552E72EA-D9A8-41AF-A18C-B42119624ACD}"
EndProject
Project("{FAE04EC0-301F-11D3-BF4B-00C04F79EFBC}") = "T2", "T2\T2.csproj", "{27A37E2A-79A4-4329-A3D2-0645401BD04C}"
EndProject
Global
	GlobalSection(SolutionConfigurationPlatforms) = preSolution
		Debug|Any CPU = Debug|Any CPU
		Release|Any CPU = Release|Any CPU
	EndGlobalSection
	GlobalSection(ProjectConfigurationPlatforms) = postSolution
		{552E72EA-D9A8-41AF-A18C-B42119624ACD}.Debug|Any CPU.ActiveCfg = Debug|Any CPU
		{552E72EA-D9A8-41AF-A18C-B42119624ACD}.Debug|Any CPU.Build.0 = Debug|Any CPU
		{552E72EA-D9A8-41AF-A18C-B42119624ACD}.Release|Any CPU.ActiveCfg = Release|Any CPU
		{552E72EA-D9A8-41AF-A18C-B42119624ACD}.Release|Any CPU.Build.0 = Release|Any CPU
		{27A37E2A-79A4-4329-A3D2-0645401BD04C}.Debug|Any CPU.ActiveCfg = Debug|Any CPU
		{27A37E2A-79A4-4329-A3D2-0645401BD04C}.Debug|Any CPU.Build.0 = Debug|Any CPU
		{27A37E2A-79A4-4329-A3D2-0645401BD04C}.Release|Any CPU.ActiveCfg = Release|Any CPU
		{27A37E2A-79A4-4329-A3D2-0645401BD04C}.Release|Any CPU.Build.0 = Release|Any CPU
	EndGlobalSection
	GlobalSection(SolutionProperties) = preSolution
		HideSolutionNode = FALSE
	EndGlobalSection
	GlobalSection(ExtensibilityGlobals) = postSolution
		SolutionGuid = {FC719D8F-6E26-4794-9756-4B4F0A18EB5C}
	EndGlobalSection
EndGlobal
